
Microsoft Visual Studio Solution File, Format Version 12.00
# Visual Studio 15
VisualStudioVersion = 15.0.27428.2043
MinimumVisualStudioVersion = 10.0.40219.1
Project("{FAE04EC0-301F-11D3-BF4B-00C04F79EFBC}") = "01Demo", "01Demo\01Demo.csproj", "{FAAA4A74-DC49-46FF-9709-C29C063F755C}"
EndProject
Global
	GlobalSection(SolutionConfigurationPlatforms) = preSolution
		Debug|Any CPU = Debug|Any CPU
		Release|Any CPU = Release|Any CPU
	EndGlobalSection
	GlobalSection(ProjectConfigurationPlatforms) = postSolution
		{FAAA4A74-DC49-46FF-9709-C29C063F755C}.Debug|Any CPU.ActiveCfg = Debug|Any CPU
		{FAAA4A74-DC49-46FF-9709-C29C063F755C}.Debug|Any CPU.Build.0 = Debug|Any CPU
		{FAAA4A74-DC49-46FF-9709-C29C063F755C}.Release|Any CPU.ActiveCfg = Release|Any CPU
		{FAAA4A74-DC49-46FF-9709-C29C063F755C}.Release|Any CPU.Build.0 = Release|Any CPU
	EndGlobalSection
	GlobalSection(SolutionProperties) = preSolution
		HideSolutionNode = FALSE
	EndGlobalSection
	GlobalSection(ExtensibilityGlobals) = postSolution
		SolutionGuid = {D16FF35A-E3A1-46B1-9B5C-8F49C4FCF6C4}
	EndGlobalSection
EndGlobal
